
Microsoft Visual Studio Solution File, Format Version 12.00
# Visual Studio Version 16
VisualStudioVersion = 16.0.29519.181
MinimumVisualStudioVersion = 10.0.40219.1
Project("{FAE04EC0-301F-11D3-BF4B-00C04F79EFBC}") = "Bookmark Manager Client", "Bookmark Manager Client\Bookmark Manager Client.csproj", "{477635F7-851F-4583-905E-1F832DB2B92B}"
EndProject
Project("{2150E333-8FDC-42A3-9474-1A3956D46DE8}") = "Solution Items", "Solution Items", "{2957B72A-B51C-4DEC-AFB4-D6F3BF5E4623}"
	ProjectSection(SolutionItems) = preProject
		.editorconfig = .editorconfig
	EndProjectSection
EndProject
Global
	GlobalSection(SolutionConfigurationPlatforms) = preSolution
		Debug|Any CPU = Debug|Any CPU
		Release|Any CPU = Release|Any CPU
	EndGlobalSection
	GlobalSection(ProjectConfigurationPlatforms) = postSolution
		{477635F7-851F-4583-905E-1F832DB2B92B}.Debug|Any CPU.ActiveCfg = Debug|Any CPU
		{477635F7-851F-4583-905E-1F832DB2B92B}.Debug|Any CPU.Build.0 = Debug|Any CPU
		{477635F7-851F-4583-905E-1F832DB2B92B}.Release|Any CPU.ActiveCfg = Release|Any CPU
		{477635F7-851F-4583-905E-1F832DB2B92B}.Release|Any CPU.Build.0 = Release|Any CPU
	EndGlobalSection
	GlobalSection(SolutionProperties) = preSolution
		HideSolutionNode = FALSE
	EndGlobalSection
	GlobalSection(ExtensibilityGlobals) = postSolution
		SolutionGuid = {BBF1B52B-7763-4012-B3CD-62BDC9FCA031}
	EndGlobalSection
EndGlobal
